Microsoft Visual Studio Solution File, Format Version 12.00
# Visual Studio Version 16
VisualStudioVersion = 16.0.29519.161
MinimumVisualStudioVersion = 10.0.40219.1
Project("{2150E333-8FDC-42A3-9474-1A3956D46DE8}") = "Solution Items", "Solution Items", "{9493FAA3-FC1F-49CB-B0F0-E7FF3593B08B}"
	ProjectSection(SolutionItems) = preProject
		.travis.yml = .travis.yml
		keycomb.md = keycomb.md
		keysequence.png = keysequence.png
		LICENSE.txt = LICENSE.txt
		mouse-keyboard-hook-logo.png = mouse-keyboard-hook-logo.png
		mouse-keyboard-hook-logo32x32.png = mouse-keyboard-hook-logo32x32.png
		mouse-keyboard-hook-logo64x64.png = mouse-keyboard-hook-logo64x64.png
		MouseKeyHook\MouseKeyHook.nuspec = MouseKeyHook\MouseKeyHook.nuspec
		README.md = README.md
	EndProjectSection
EndProject
Project("{9A19103F-16F7-4668-BE54-9A1E7A4F7556}") = "MouseKeyHook", "MouseKeyHook\MouseKeyHook.csproj", "{F52AA97E-180A-40ED-8F2B-09080171D6C7}"
EndProject
Project("{9A19103F-16F7-4668-BE54-9A1E7A4F7556}") = "MouseKeyHook.Rx", "MouseKeyHook.Rx\MouseKeyHook.Rx.csproj", "{9754749C-1EEA-4468-8C32-B5BAC3235F54}"
EndProject
Project("{2150E333-8FDC-42A3-9474-1A3956D46DE8}") = "examples", "examples", "{1DE6BB2E-ED17-4507-9E71-65DA4580C131}"
EndProject
Project("{FAE04EC0-301F-11D3-BF4B-00C04F79EFBC}") = "ConsoleHook.Rx", "examples\ConsoleHook.Rx\ConsoleHook.Rx.csproj", "{F9B78F1A-F065-4BB4-A15B-393DFFE8DB0B}"
EndProject
Project("{FAE04EC0-301F-11D3-BF4B-00C04F79EFBC}") = "FormsExample", "examples\FormsExample\FormsExample.csproj", "{693C8A54-2FA1-408B-9896-7CB1E5E9E257}"
EndProject
Project("{FAE04EC0-301F-11D3-BF4B-00C04F79EFBC}") = "ConsoleHook", "examples\ConsoleHook\ConsoleHook.csproj", "{490FBC6C-B347-4C33-B8EF-5C67C7C4C884}"
EndProject
Global
	GlobalSection(SolutionConfigurationPlatforms) = preSolution
		Debug|Any CPU = Debug|Any CPU
		Release|Any CPU = Release|Any CPU
	EndGlobalSection
	GlobalSection(ProjectConfigurationPlatforms) = postSolution
		{F52AA97E-180A-40ED-8F2B-09080171D6C7}.Debug|Any CPU.ActiveCfg = Debug|Any CPU
		{F52AA97E-180A-40ED-8F2B-09080171D6C7}.Debug|Any CPU.Build.0 = Debug|Any CPU
		{F52AA97E-180A-40ED-8F2B-09080171D6C7}.Release|Any CPU.ActiveCfg = Release|Any CPU
		{F52AA97E-180A-40ED-8F2B-09080171D6C7}.Release|Any CPU.Build.0 = Release|Any CPU
		{9754749C-1EEA-4468-8C32-B5BAC3235F54}.Debug|Any CPU.ActiveCfg = Debug|Any CPU
		{9754749C-1EEA-4468-8C32-B5BAC3235F54}.Debug|Any CPU.Build.0 = Debug|Any CPU
		{9754749C-1EEA-4468-8C32-B5BAC3235F54}.Release|Any CPU.ActiveCfg = Release|Any CPU
		{9754749C-1EEA-4468-8C32-B5BAC3235F54}.Release|Any CPU.Build.0 = Release|Any CPU
		{F9B78F1A-F065-4BB4-A15B-393DFFE8DB0B}.Debug|Any CPU.ActiveCfg = Debug|Any CPU
		{F9B78F1A-F065-4BB4-A15B-393DFFE8DB0B}.Debug|Any CPU.Build.0 = Debug|Any CPU
		{F9B78F1A-F065-4BB4-A15B-393DFFE8DB0B}.Release|Any CPU.ActiveCfg = Release|Any CPU
		{F9B78F1A-F065-4BB4-A15B-393DFFE8DB0B}.Release|Any CPU.Build.0 = Release|Any CPU
		{693C8A54-2FA1-408B-9896-7CB1E5E9E257}.Debug|Any CPU.ActiveCfg = Debug|Any CPU
		{693C8A54-2FA1-408B-9896-7CB1E5E9E257}.Debug|Any CPU.Build.0 = Debug|Any CPU
		{693C8A54-2FA1-408B-9896-7CB1E5E9E257}.Release|Any CPU.ActiveCfg = Release|Any CPU
		{693C8A54-2FA1-408B-9896-7CB1E5E9E257}.Release|Any CPU.Build.0 = Release|Any CPU
		{490FBC6C-B347-4C33-B8EF-5C67C7C4C884}.Debug|Any CPU.ActiveCfg = Debug|Any CPU
		{490FBC6C-B347-4C33-B8EF-5C67C7C4C884}.Debug|Any CPU.Build.0 = Debug|Any CPU
		{490FBC6C-B347-4C33-B8EF-5C67C7C4C884}.Release|Any CPU.ActiveCfg = Release|Any CPU
		{490FBC6C-B347-4C33-B8EF-5C67C7C4C884}.Release|Any CPU.Build.0 = Release|Any CPU
	EndGlobalSection
	GlobalSection(SolutionProperties) = preSolution
		HideSolutionNode = FALSE
	EndGlobalSection
	GlobalSection(NestedProjects) = preSolution
		{F9B78F1A-F065-4BB4-A15B-393DFFE8DB0B} = {1DE6BB2E-ED17-4507-9E71-65DA4580C131}
		{693C8A54-2FA1-408B-9896-7CB1E5E9E257} = {1DE6BB2E-ED17-4507-9E71-65DA4580C131}
		{490FBC6C-B347-4C33-B8EF-5C67C7C4C884} = {1DE6BB2E-ED17-4507-9E71-65DA4580C131}
	EndGlobalSection
	GlobalSection(ExtensibilityGlobals) = postSolution
		SolutionGuid = {D741B5CC-5C4C-4878-9194-6EFF74664FE3}
	EndGlobalSection
EndGlobal
