Microsoft Visual Studio Solution File, Format Version 12.00
# Visual Studio 14
VisualStudioVersion = 14.0.22310.1
MinimumVisualStudioVersion = 10.0.40219.1
Project("{FAE04EC0-301F-11D3-BF4B-00C04F79EFBC}") = "MouseKeyboardActivityMonitor", "MouseKeyboardActivityMonitor\MouseKeyboardActivityMonitor.csproj", "{F52AA97E-180A-40ED-8F2B-09080171D6C7}"
EndProject
Project("{FAE04EC0-301F-11D3-BF4B-00C04F79EFBC}") = "MouseKeyboardActivityMonitor.Demo", "MouseKeyboardActivityMonitor.Demo\MouseKeyboardActivityMonitor.Demo.csproj", "{EBA5CBDF-2049-4278-93A2-AFFD3C802715}"
EndProject
Project("{2150E333-8FDC-42A3-9474-1A3956D46DE8}") = "Solution Items", "Solution Items", "{9493FAA3-FC1F-49CB-B0F0-E7FF3593B08B}"
	ProjectSection(SolutionItems) = preProject
		..\LICENSE.txt = ..\LICENSE.txt
	EndProjectSection
EndProject
Global
	GlobalSection(SolutionConfigurationPlatforms) = preSolution
		Debug|Any CPU = Debug|Any CPU
		Debug|x64 = Debug|x64
		Debug|x86 = Debug|x86
		Release|Any CPU = Release|Any CPU
		Release|x64 = Release|x64
		Release|x86 = Release|x86
	EndGlobalSection
	GlobalSection(ProjectConfigurationPlatforms) = postSolution
		{F52AA97E-180A-40ED-8F2B-09080171D6C7}.Debug|Any CPU.ActiveCfg = Debug|Any CPU
		{F52AA97E-180A-40ED-8F2B-09080171D6C7}.Debug|Any CPU.Build.0 = Debug|Any CPU
		{F52AA97E-180A-40ED-8F2B-09080171D6C7}.Debug|x64.ActiveCfg = Debug|x64
		{F52AA97E-180A-40ED-8F2B-09080171D6C7}.Debug|x64.Build.0 = Debug|x64
		{F52AA97E-180A-40ED-8F2B-09080171D6C7}.Debug|x86.ActiveCfg = Debug|x86
		{F52AA97E-180A-40ED-8F2B-09080171D6C7}.Debug|x86.Build.0 = Debug|x86
		{F52AA97E-180A-40ED-8F2B-09080171D6C7}.Release|Any CPU.ActiveCfg = Release|Any CPU
		{F52AA97E-180A-40ED-8F2B-09080171D6C7}.Release|Any CPU.Build.0 = Release|Any CPU
		{F52AA97E-180A-40ED-8F2B-09080171D6C7}.Release|x64.ActiveCfg = Release|x64
		{F52AA97E-180A-40ED-8F2B-09080171D6C7}.Release|x64.Build.0 = Release|x64
		{F52AA97E-180A-40ED-8F2B-09080171D6C7}.Release|x86.ActiveCfg = Release|x86
		{F52AA97E-180A-40ED-8F2B-09080171D6C7}.Release|x86.Build.0 = Release|x86
		{EBA5CBDF-2049-4278-93A2-AFFD3C802715}.Debug|Any CPU.ActiveCfg = Debug|Any CPU
		{EBA5CBDF-2049-4278-93A2-AFFD3C802715}.Debug|Any CPU.Build.0 = Debug|Any CPU
		{EBA5CBDF-2049-4278-93A2-AFFD3C802715}.Debug|x64.ActiveCfg = Debug|x64
		{EBA5CBDF-2049-4278-93A2-AFFD3C802715}.Debug|x64.Build.0 = Debug|x64
		{EBA5CBDF-2049-4278-93A2-AFFD3C802715}.Debug|x86.ActiveCfg = Debug|x86
		{EBA5CBDF-2049-4278-93A2-AFFD3C802715}.Debug|x86.Build.0 = Debug|x86
		{EBA5CBDF-2049-4278-93A2-AFFD3C802715}.Release|Any CPU.ActiveCfg = Release|Any CPU
		{EBA5CBDF-2049-4278-93A2-AFFD3C802715}.Release|Any CPU.Build.0 = Release|Any CPU
		{EBA5CBDF-2049-4278-93A2-AFFD3C802715}.Release|x64.ActiveCfg = Release|x64
		{EBA5CBDF-2049-4278-93A2-AFFD3C802715}.Release|x86.ActiveCfg = Release|x86
	EndGlobalSection
	GlobalSection(SolutionProperties) = preSolution
		HideSolutionNode = FALSE
	EndGlobalSection
EndGlobal
