Microsoft Visual Studio Solution File, Format Version 11.00
# Visual Studio 2010
Project("{FAE04EC0-301F-11D3-BF4B-00C04F79EFBC}") = "MouseKeyboardActivityMonitor", "MouseKeyboardActivityMonitor\MouseKeyboardActivityMonitor.csproj", "{F52AA97E-180A-40ED-8F2B-09080171D6C7}"
EndProject
Project("{FAE04EC0-301F-11D3-BF4B-00C04F79EFBC}") = "MouseKeyboardActivityMonitor.Demo", "MouseKeyboardActivityMonitor.Demo\MouseKeyboardActivityMonitor.Demo.csproj", "{EBA5CBDF-2049-4278-93A2-AFFD3C802715}"
EndProject
Global
	GlobalSection(TeamFoundationVersionControl) = preSolution
		SccNumberOfProjects = 3
		SccEnterpriseProvider = {4CA58AB2-18FA-4F8D-95D4-32DDF27D184C}
		SccTeamFoundationServer = https://tfs.codeplex.com/tfs/tfs33
		SccLocalPath0 = .
		SccProjectUniqueName1 = MouseKeyboardActivityMonitor\\MouseKeyboardActivityMonitor.csproj
		SccProjectName1 = MouseKeyboardActivityMonitor
		SccLocalPath1 = MouseKeyboardActivityMonitor
		SccProjectUniqueName2 = MouseKeyboardActivityMonitor.Demo\\MouseKeyboardActivityMonitor.Demo.csproj
		SccProjectName2 = MouseKeyboardActivityMonitor.Demo
		SccLocalPath2 = MouseKeyboardActivityMonitor.Demo
	EndGlobalSection
	GlobalSection(SolutionConfigurationPlatforms) = preSolution
		Debug|Any CPU = Debug|Any CPU
		Release|Any CPU = Release|Any CPU
	EndGlobalSection
	GlobalSection(ProjectConfigurationPlatforms) = postSolution
		{F52AA97E-180A-40ED-8F2B-09080171D6C7}.Debug|Any CPU.ActiveCfg = Debug|Any CPU
		{F52AA97E-180A-40ED-8F2B-09080171D6C7}.Debug|Any CPU.Build.0 = Debug|Any CPU
		{F52AA97E-180A-40ED-8F2B-09080171D6C7}.Release|Any CPU.ActiveCfg = Release|Any CPU
		{F52AA97E-180A-40ED-8F2B-09080171D6C7}.Release|Any CPU.Build.0 = Release|Any CPU
		{EBA5CBDF-2049-4278-93A2-AFFD3C802715}.Debug|Any CPU.ActiveCfg = Debug|Any CPU
		{EBA5CBDF-2049-4278-93A2-AFFD3C802715}.Debug|Any CPU.Build.0 = Debug|Any CPU
		{EBA5CBDF-2049-4278-93A2-AFFD3C802715}.Release|Any CPU.ActiveCfg = Release|Any CPU
		{EBA5CBDF-2049-4278-93A2-AFFD3C802715}.Release|Any CPU.Build.0 = Release|Any CPU
	EndGlobalSection
	GlobalSection(SolutionProperties) = preSolution
		HideSolutionNode = FALSE
	EndGlobalSection
EndGlobal
